
Microsoft Visual Studio Solution File, Format Version 12.00
# Visual Studio Version 17
VisualStudioVersion = 17.0.31903.59
MinimumVisualStudioVersion = 10.0.40219.1
Project("{F2A71F9B-5D33-465A-A702-920D77279786}") = "LibWithOldVersion", "LibWithOldVersion\LibWithOldVersion.fsproj", "{1052F824-049E-4F04-BA43-4676C917D08F}"
EndProject
Project("{F2A71F9B-5D33-465A-A702-920D77279786}") = "AppUsingNewestMatching", "AppUsingNewestMatching\AppUsingNewestMatching.fsproj", "{DA015862-49A1-41FB-9E82-C27F793FAD07}"
EndProject
Global
	GlobalSection(SolutionConfigurationPlatforms) = preSolution
		Debug|Any CPU = Debug|Any CPU
		Release|Any CPU = Release|Any CPU
	EndGlobalSection
	GlobalSection(SolutionProperties) = preSolution
		HideSolutionNode = FALSE
	EndGlobalSection
	GlobalSection(ProjectConfigurationPlatforms) = postSolution
		{1052F824-049E-4F04-BA43-4676C917D08F}.Debug|Any CPU.ActiveCfg = Debug|Any CPU
		{1052F824-049E-4F04-BA43-4676C917D08F}.Debug|Any CPU.Build.0 = Debug|Any CPU
		{1052F824-049E-4F04-BA43-4676C917D08F}.Release|Any CPU.ActiveCfg = Release|Any CPU
		{1052F824-049E-4F04-BA43-4676C917D08F}.Release|Any CPU.Build.0 = Release|Any CPU
		{DA015862-49A1-41FB-9E82-C27F793FAD07}.Debug|Any CPU.ActiveCfg = Debug|Any CPU
		{DA015862-49A1-41FB-9E82-C27F793FAD07}.Debug|Any CPU.Build.0 = Debug|Any CPU
		{DA015862-49A1-41FB-9E82-C27F793FAD07}.Release|Any CPU.ActiveCfg = Release|Any CPU
		{DA015862-49A1-41FB-9E82-C27F793FAD07}.Release|Any CPU.Build.0 = Release|Any CPU
	EndGlobalSection
EndGlobal
